
Microsoft Visual Studio Solution File, Format Version 12.00
# Visual Studio Version 17
VisualStudioVersion = 17.7.34024.191
MinimumVisualStudioVersion = 10.0.40219.1
Project("{FAE04EC0-301F-11D3-BF4B-00C04F79EFBC}") = "denemeler", "denemeler\denemeler.csproj", "{5ACEDBD2-0189-46F1-8C29-D30FF036739E}"
EndProject
Global
	GlobalSection(SolutionConfigurationPlatforms) = preSolution
		Debug|Any CPU = Debug|Any CPU
		Release|Any CPU = Release|Any CPU
	EndGlobalSection
	GlobalSection(ProjectConfigurationPlatforms) = postSolution
		{5ACEDBD2-0189-46F1-8C29-D30FF036739E}.Debug|Any CPU.ActiveCfg = Debug|Any CPU
		{5ACEDBD2-0189-46F1-8C29-D30FF036739E}.Debug|Any CPU.Build.0 = Debug|Any CPU
		{5ACEDBD2-0189-46F1-8C29-D30FF036739E}.Release|Any CPU.ActiveCfg = Release|Any CPU
		{5ACEDBD2-0189-46F1-8C29-D30FF036739E}.Release|Any CPU.Build.0 = Release|Any CPU
	EndGlobalSection
	GlobalSection(SolutionProperties) = preSolution
		HideSolutionNode = FALSE
	EndGlobalSection
	GlobalSection(ExtensibilityGlobals) = postSolution
		SolutionGuid = {161BD5F4-0C3B-429D-8FA5-4C1A0CB42D13}
	EndGlobalSection
EndGlobal
